
Microsoft Visual Studio Solution File, Format Version 12.00
# Visual Studio 15
VisualStudioVersion = 15.0.26730.12
MinimumVisualStudioVersion = 10.0.40219.1
Project("{FAE04EC0-301F-11D3-BF4B-00C04F79EFBC}") = "XamSqrdCalc.Droid", "XamSqrdCalc.Droid\XamSqrdCalc.Droid.csproj", "{22371B0F-ED39-4C9D-B568-6B2A70A1DACE}"
EndProject
Project("{9A19103F-16F7-4668-BE54-9A1E7A4F7556}") = "XamSqrdCalc.Core", "XamSqrdCalc.Core\XamSqrdCalc.Core.csproj", "{193D0EC5-689B-4064-8B42-2BF2549CCCA5}"
EndProject
Project("{FAE04EC0-301F-11D3-BF4B-00C04F79EFBC}") = "XamSqrdCalc.iOS", "XamSqrdCalc.iOS\XamSqrdCalc.iOS.csproj", "{E4445FCC-2708-4BBD-8469-A6A26256C60E}"
EndProject
Project("{FAE04EC0-301F-11D3-BF4B-00C04F79EFBC}") = "XamSqrdCalc.UWP", "XamSqrdCalc.UWP\XamSqrdCalc.UWP.csproj", "{C48EBFDA-18A9-4CF7-89E8-73F5DC2AAF7A}"
EndProject
Project("{FAE04EC0-301F-11D3-BF4B-00C04F79EFBC}") = "XamSqrdCalc.WPF", "XamSqrdCalc.WPF\XamSqrdCalc.WPF.csproj", "{D218CF19-5B70-48FC-845F-1A62D307BDD6}"
EndProject
Global
	GlobalSection(SolutionConfigurationPlatforms) = preSolution
		Ad-Hoc|Any CPU = Ad-Hoc|Any CPU
		Ad-Hoc|ARM = Ad-Hoc|ARM
		Ad-Hoc|iPhone = Ad-Hoc|iPhone
		Ad-Hoc|iPhoneSimulator = Ad-Hoc|iPhoneSimulator
		Ad-Hoc|x64 = Ad-Hoc|x64
		Ad-Hoc|x86 = Ad-Hoc|x86
		AppStore|Any CPU = AppStore|Any CPU
		AppStore|ARM = AppStore|ARM
		AppStore|iPhone = AppStore|iPhone
		AppStore|iPhoneSimulator = AppStore|iPhoneSimulator
		AppStore|x64 = AppStore|x64
		AppStore|x86 = AppStore|x86
		Debug|Any CPU = Debug|Any CPU
		Debug|ARM = Debug|ARM
		Debug|iPhone = Debug|iPhone
		Debug|iPhoneSimulator = Debug|iPhoneSimulator
		Debug|x64 = Debug|x64
		Debug|x86 = Debug|x86
		Release|Any CPU = Release|Any CPU
		Release|ARM = Release|ARM
		Release|iPhone = Release|iPhone
		Release|iPhoneSimulator = Release|iPhoneSimulator
		Release|x64 = Release|x64
		Release|x86 = Release|x86
	EndGlobalSection
	GlobalSection(ProjectConfigurationPlatforms) = postSolution
		{22371B0F-ED39-4C9D-B568-6B2A70A1DACE}.Ad-Hoc|Any CPU.ActiveCfg = Release|Any CPU
		{22371B0F-ED39-4C9D-B568-6B2A70A1DACE}.Ad-Hoc|Any CPU.Build.0 = Release|Any CPU
		{22371B0F-ED39-4C9D-B568-6B2A70A1DACE}.Ad-Hoc|Any CPU.Deploy.0 = Release|Any CPU
		{22371B0F-ED39-4C9D-B568-6B2A70A1DACE}.Ad-Hoc|ARM.ActiveCfg = Release|Any CPU
		{22371B0F-ED39-4C9D-B568-6B2A70A1DACE}.Ad-Hoc|ARM.Build.0 = Release|Any CPU
		{22371B0F-ED39-4C9D-B568-6B2A70A1DACE}.Ad-Hoc|ARM.Deploy.0 = Release|Any CPU
		{22371B0F-ED39-4C9D-B568-6B2A70A1DACE}.Ad-Hoc|iPhone.ActiveCfg = Release|Any CPU
		{22371B0F-ED39-4C9D-B568-6B2A70A1DACE}.Ad-Hoc|iPhone.Build.0 = Release|Any CPU
		{22371B0F-ED39-4C9D-B568-6B2A70A1DACE}.Ad-Hoc|iPhone.Deploy.0 = Release|Any CPU
		{22371B0F-ED39-4C9D-B568-6B2A70A1DACE}.Ad-Hoc|iPhoneSimulator.ActiveCfg = Release|Any CPU
		{22371B0F-ED39-4C9D-B568-6B2A70A1DACE}.Ad-Hoc|iPhoneSimulator.Build.0 = Release|Any CPU
		{22371B0F-ED39-4C9D-B568-6B2A70A1DACE}.Ad-Hoc|iPhoneSimulator.Deploy.0 = Release|Any CPU
		{22371B0F-ED39-4C9D-B568-6B2A70A1DACE}.Ad-Hoc|x64.ActiveCfg = Release|Any CPU
		{22371B0F-ED39-4C9D-B568-6B2A70A1DACE}.Ad-Hoc|x64.Build.0 = Release|Any CPU
		{22371B0F-ED39-4C9D-B568-6B2A70A1DACE}.Ad-Hoc|x64.Deploy.0 = Release|Any CPU
		{22371B0F-ED39-4C9D-B568-6B2A70A1DACE}.Ad-Hoc|x86.ActiveCfg = Release|Any CPU
		{22371B0F-ED39-4C9D-B568-6B2A70A1DACE}.Ad-Hoc|x86.Build.0 = Release|Any CPU
		{22371B0F-ED39-4C9D-B568-6B2A70A1DACE}.Ad-Hoc|x86.Deploy.0 = Release|Any CPU
		{22371B0F-ED39-4C9D-B568-6B2A70A1DACE}.AppStore|Any CPU.ActiveCfg = Release|Any CPU
		{22371B0F-ED39-4C9D-B568-6B2A70A1DACE}.AppStore|Any CPU.Build.0 = Release|Any CPU
		{22371B0F-ED39-4C9D-B568-6B2A70A1DACE}.AppStore|Any CPU.Deploy.0 = Release|Any CPU
		{22371B0F-ED39-4C9D-B568-6B2A70A1DACE}.AppStore|ARM.ActiveCfg = Release|Any CPU
		{22371B0F-ED39-4C9D-B568-6B2A70A1DACE}.AppStore|ARM.Build.0 = Release|Any CPU
		{22371B0F-ED39-4C9D-B568-6B2A70A1DACE}.AppStore|ARM.Deploy.0 = Release|Any CPU
		{22371B0F-ED39-4C9D-B568-6B2A70A1DACE}.AppStore|iPhone.ActiveCfg = Release|Any CPU
		{22371B0F-ED39-4C9D-B568-6B2A70A1DACE}.AppStore|iPhone.Build.0 = Release|Any CPU
		{22371B0F-ED39-4C9D-B568-6B2A70A1DACE}.AppStore|iPhone.Deploy.0 = Release|Any CPU
		{22371B0F-ED39-4C9D-B568-6B2A70A1DACE}.AppStore|iPhoneSimulator.ActiveCfg = Release|Any CPU
		{22371B0F-ED39-4C9D-B568-6B2A70A1DACE}.AppStore|iPhoneSimulator.Build.0 = Release|Any CPU
		{22371B0F-ED39-4C9D-B568-6B2A70A1DACE}.AppStore|iPhoneSimulator.Deploy.0 = Release|Any CPU
		{22371B0F-ED39-4C9D-B568-6B2A70A1DACE}.AppStore|x64.ActiveCfg = Release|Any CPU
		{22371B0F-ED39-4C9D-B568-6B2A70A1DACE}.AppStore|x64.Build.0 = Release|Any CPU
		{22371B0F-ED39-4C9D-B568-6B2A70A1DACE}.AppStore|x64.Deploy.0 = Release|Any CPU
		{22371B0F-ED39-4C9D-B568-6B2A70A1DACE}.AppStore|x86.ActiveCfg = Release|Any CPU
		{22371B0F-ED39-4C9D-B568-6B2A70A1DACE}.AppStore|x86.Build.0 = Release|Any CPU
		{22371B0F-ED39-4C9D-B568-6B2A70A1DACE}.AppStore|x86.Deploy.0 = Release|Any CPU
		{22371B0F-ED39-4C9D-B568-6B2A70A1DACE}.Debug|Any CPU.ActiveCfg = Debug|Any CPU
		{22371B0F-ED39-4C9D-B568-6B2A70A1DACE}.Debug|Any CPU.Build.0 = Debug|Any CPU
		{22371B0F-ED39-4C9D-B568-6B2A70A1DACE}.Debug|ARM.ActiveCfg = Debug|Any CPU
		{22371B0F-ED39-4C9D-B568-6B2A70A1DACE}.Debug|ARM.Build.0 = Debug|Any CPU
		{22371B0F-ED39-4C9D-B568-6B2A70A1DACE}.Debug|ARM.Deploy.0 = Debug|Any CPU
		{22371B0F-ED39-4C9D-B568-6B2A70A1DACE}.Debug|iPhone.ActiveCfg = Debug|Any CPU
		{22371B0F-ED39-4C9D-B568-6B2A70A1DACE}.Debug|iPhone.Build.0 = Debug|Any CPU
		{22371B0F-ED39-4C9D-B568-6B2A70A1DACE}.Debug|iPhone.Deploy.0 = Debug|Any CPU
		{22371B0F-ED39-4C9D-B568-6B2A70A1DACE}.Debug|iPhoneSimulator.ActiveCfg = Debug|Any CPU
		{22371B0F-ED39-4C9D-B568-6B2A70A1DACE}.Debug|iPhoneSimulator.Build.0 = Debug|Any CPU
		{22371B0F-ED39-4C9D-B568-6B2A70A1DACE}.Debug|iPhoneSimulator.Deploy.0 = Debug|Any CPU
		{22371B0F-ED39-4C9D-B568-6B2A70A1DACE}.Debug|x64.ActiveCfg = Debug|Any CPU
		{22371B0F-ED39-4C9D-B568-6B2A70A1DACE}.Debug|x64.Build.0 = Debug|Any CPU
		{22371B0F-ED39-4C9D-B568-6B2A70A1DACE}.Debug|x64.Deploy.0 = Debug|Any CPU
		{22371B0F-ED39-4C9D-B568-6B2A70A1DACE}.Debug|x86.ActiveCfg = Debug|Any CPU
		{22371B0F-ED39-4C9D-B568-6B2A70A1DACE}.Debug|x86.Build.0 = Debug|Any CPU
		{22371B0F-ED39-4C9D-B568-6B2A70A1DACE}.Debug|x86.Deploy.0 = Debug|Any CPU
		{22371B0F-ED39-4C9D-B568-6B2A70A1DACE}.Release|Any CPU.ActiveCfg = Release|Any CPU
		{22371B0F-ED39-4C9D-B568-6B2A70A1DACE}.Release|ARM.ActiveCfg = Release|Any CPU
		{22371B0F-ED39-4C9D-B568-6B2A70A1DACE}.Release|ARM.Build.0 = Release|Any CPU
		{22371B0F-ED39-4C9D-B568-6B2A70A1DACE}.Release|ARM.Deploy.0 = Release|Any CPU
		{22371B0F-ED39-4C9D-B568-6B2A70A1DACE}.Release|iPhone.ActiveCfg = Release|Any CPU
		{22371B0F-ED39-4C9D-B568-6B2A70A1DACE}.Release|iPhone.Build.0 = Release|Any CPU
		{22371B0F-ED39-4C9D-B568-6B2A70A1DACE}.Release|iPhone.Deploy.0 = Release|Any CPU
		{22371B0F-ED39-4C9D-B568-6B2A70A1DACE}.Release|iPhoneSimulator.ActiveCfg = Release|Any CPU
		{22371B0F-ED39-4C9D-B568-6B2A70A1DACE}.Release|iPhoneSimulator.Build.0 = Release|Any CPU
		{22371B0F-ED39-4C9D-B568-6B2A70A1DACE}.Release|iPhoneSimulator.Deploy.0 = Release|Any CPU
		{22371B0F-ED39-4C9D-B568-6B2A70A1DACE}.Release|x64.ActiveCfg = Release|Any CPU
		{22371B0F-ED39-4C9D-B568-6B2A70A1DACE}.Release|x64.Build.0 = Release|Any CPU
		{22371B0F-ED39-4C9D-B568-6B2A70A1DACE}.Release|x64.Deploy.0 = Release|Any CPU
		{22371B0F-ED39-4C9D-B568-6B2A70A1DACE}.Release|x86.ActiveCfg = Release|Any CPU
		{22371B0F-ED39-4C9D-B568-6B2A70A1DACE}.Release|x86.Build.0 = Release|Any CPU
		{22371B0F-ED39-4C9D-B568-6B2A70A1DACE}.Release|x86.Deploy.0 = Release|Any CPU
		{193D0EC5-689B-4064-8B42-2BF2549CCCA5}.Ad-Hoc|Any CPU.ActiveCfg = Release|Any CPU
		{193D0EC5-689B-4064-8B42-2BF2549CCCA5}.Ad-Hoc|Any CPU.Build.0 = Release|Any CPU
		{193D0EC5-689B-4064-8B42-2BF2549CCCA5}.Ad-Hoc|ARM.ActiveCfg = Release|Any CPU
		{193D0EC5-689B-4064-8B42-2BF2549CCCA5}.Ad-Hoc|ARM.Build.0 = Release|Any CPU
		{193D0EC5-689B-4064-8B42-2BF2549CCCA5}.Ad-Hoc|iPhone.ActiveCfg = Release|Any CPU
		{193D0EC5-689B-4064-8B42-2BF2549CCCA5}.Ad-Hoc|iPhone.Build.0 = Release|Any CPU
		{193D0EC5-689B-4064-8B42-2BF2549CCCA5}.Ad-Hoc|iPhoneSimulator.ActiveCfg = Release|Any CPU
		{193D0EC5-689B-4064-8B42-2BF2549CCCA5}.Ad-Hoc|iPhoneSimulator.Build.0 = Release|Any CPU
		{193D0EC5-689B-4064-8B42-2BF2549CCCA5}.Ad-Hoc|x64.ActiveCfg = Release|Any CPU
		{193D0EC5-689B-4064-8B42-2BF2549CCCA5}.Ad-Hoc|x64.Build.0 = Release|Any CPU
		{193D0EC5-689B-4064-8B42-2BF2549CCCA5}.Ad-Hoc|x86.ActiveCfg = Release|Any CPU
		{193D0EC5-689B-4064-8B42-2BF2549CCCA5}.Ad-Hoc|x86.Build.0 = Release|Any CPU
		{193D0EC5-689B-4064-8B42-2BF2549CCCA5}.AppStore|Any CPU.ActiveCfg = Release|Any CPU
		{193D0EC5-689B-4064-8B42-2BF2549CCCA5}.AppStore|Any CPU.Build.0 = Release|Any CPU
		{193D0EC5-689B-4064-8B42-2BF2549CCCA5}.AppStore|ARM.ActiveCfg = Release|Any CPU
		{193D0EC5-689B-4064-8B42-2BF2549CCCA5}.AppStore|ARM.Build.0 = Release|Any CPU
		{193D0EC5-689B-4064-8B42-2BF2549CCCA5}.AppStore|iPhone.ActiveCfg = Release|Any CPU
		{193D0EC5-689B-4064-8B42-2BF2549CCCA5}.AppStore|iPhone.Build.0 = Release|Any CPU
		{193D0EC5-689B-4064-8B42-2BF2549CCCA5}.AppStore|iPhoneSimulator.ActiveCfg = Release|Any CPU
		{193D0EC5-689B-4064-8B42-2BF2549CCCA5}.AppStore|iPhoneSimulator.Build.0 = Release|Any CPU
		{193D0EC5-689B-4064-8B42-2BF2549CCCA5}.AppStore|x64.ActiveCfg = Release|Any CPU
		{193D0EC5-689B-4064-8B42-2BF2549CCCA5}.AppStore|x64.Build.0 = Release|Any CPU
		{193D0EC5-689B-4064-8B42-2BF2549CCCA5}.AppStore|x86.ActiveCfg = Release|Any CPU
		{193D0EC5-689B-4064-8B42-2BF2549CCCA5}.AppStore|x86.Build.0 = Release|Any CPU
		{193D0EC5-689B-4064-8B42-2BF2549CCCA5}.Debug|Any CPU.ActiveCfg = Debug|Any CPU
		{193D0EC5-689B-4064-8B42-2BF2549CCCA5}.Debug|Any CPU.Build.0 = Debug|Any CPU
		{193D0EC5-689B-4064-8B42-2BF2549CCCA5}.Debug|ARM.ActiveCfg = Debug|Any CPU
		{193D0EC5-689B-4064-8B42-2BF2549CCCA5}.Debug|ARM.Build.0 = Debug|Any CPU
		{193D0EC5-689B-4064-8B42-2BF2549CCCA5}.Debug|iPhone.ActiveCfg = Debug|Any CPU
		{193D0EC5-689B-4064-8B42-2BF2549CCCA5}.Debug|iPhone.Build.0 = Debug|Any CPU
		{193D0EC5-689B-4064-8B42-2BF2549CCCA5}.Debug|iPhoneSimulator.ActiveCfg = Debug|Any CPU
		{193D0EC5-689B-4064-8B42-2BF2549CCCA5}.Debug|iPhoneSimulator.Build.0 = Debug|Any CPU
		{193D0EC5-689B-4064-8B42-2BF2549CCCA5}.Debug|x64.ActiveCfg = Debug|Any CPU
		{193D0EC5-689B-4064-8B42-2BF2549CCCA5}.Debug|x64.Build.0 = Debug|Any CPU
		{193D0EC5-689B-4064-8B42-2BF2549CCCA5}.Debug|x86.ActiveCfg = Debug|Any CPU
		{193D0EC5-689B-4064-8B42-2BF2549CCCA5}.Debug|x86.Build.0 = Debug|Any CPU
		{193D0EC5-689B-4064-8B42-2BF2549CCCA5}.Release|Any CPU.ActiveCfg = Release|Any CPU
		{193D0EC5-689B-4064-8B42-2BF2549CCCA5}.Release|ARM.ActiveCfg = Release|Any CPU
		{193D0EC5-689B-4064-8B42-2BF2549CCCA5}.Release|ARM.Build.0 = Release|Any CPU
		{193D0EC5-689B-4064-8B42-2BF2549CCCA5}.Release|iPhone.ActiveCfg = Release|Any CPU
		{193D0EC5-689B-4064-8B42-2BF2549CCCA5}.Release|iPhone.Build.0 = Release|Any CPU
		{193D0EC5-689B-4064-8B42-2BF2549CCCA5}.Release|iPhoneSimulator.ActiveCfg = Release|Any CPU
		{193D0EC5-689B-4064-8B42-2BF2549CCCA5}.Release|iPhoneSimulator.Build.0 = Release|Any CPU
		{193D0EC5-689B-4064-8B42-2BF2549CCCA5}.Release|x64.ActiveCfg = Release|Any CPU
		{193D0EC5-689B-4064-8B42-2BF2549CCCA5}.Release|x64.Build.0 = Release|Any CPU
		{193D0EC5-689B-4064-8B42-2BF2549CCCA5}.Release|x86.ActiveCfg = Release|Any CPU
		{193D0EC5-689B-4064-8B42-2BF2549CCCA5}.Release|x86.Build.0 = Release|Any CPU
		{E4445FCC-2708-4BBD-8469-A6A26256C60E}.Ad-Hoc|Any CPU.ActiveCfg = Ad-Hoc|iPhone
		{E4445FCC-2708-4BBD-8469-A6A26256C60E}.Ad-Hoc|ARM.ActiveCfg = Ad-Hoc|iPhone
		{E4445FCC-2708-4BBD-8469-A6A26256C60E}.Ad-Hoc|iPhone.ActiveCfg = Ad-Hoc|iPhone
		{E4445FCC-2708-4BBD-8469-A6A26256C60E}.Ad-Hoc|iPhone.Build.0 = Ad-Hoc|iPhone
		{E4445FCC-2708-4BBD-8469-A6A26256C60E}.Ad-Hoc|iPhoneSimulator.ActiveCfg = Ad-Hoc|iPhoneSimulator
		{E4445FCC-2708-4BBD-8469-A6A26256C60E}.Ad-Hoc|iPhoneSimulator.Build.0 = Ad-Hoc|iPhoneSimulator
		{E4445FCC-2708-4BBD-8469-A6A26256C60E}.Ad-Hoc|x64.ActiveCfg = Ad-Hoc|iPhone
		{E4445FCC-2708-4BBD-8469-A6A26256C60E}.Ad-Hoc|x86.ActiveCfg = Ad-Hoc|iPhone
		{E4445FCC-2708-4BBD-8469-A6A26256C60E}.AppStore|Any CPU.ActiveCfg = AppStore|iPhone
		{E4445FCC-2708-4BBD-8469-A6A26256C60E}.AppStore|ARM.ActiveCfg = AppStore|iPhone
		{E4445FCC-2708-4BBD-8469-A6A26256C60E}.AppStore|iPhone.ActiveCfg = AppStore|iPhone
		{E4445FCC-2708-4BBD-8469-A6A26256C60E}.AppStore|iPhone.Build.0 = AppStore|iPhone
		{E4445FCC-2708-4BBD-8469-A6A26256C60E}.AppStore|iPhoneSimulator.ActiveCfg = AppStore|iPhoneSimulator
		{E4445FCC-2708-4BBD-8469-A6A26256C60E}.AppStore|iPhoneSimulator.Build.0 = AppStore|iPhoneSimulator
		{E4445FCC-2708-4BBD-8469-A6A26256C60E}.AppStore|x64.ActiveCfg = AppStore|iPhone
		{E4445FCC-2708-4BBD-8469-A6A26256C60E}.AppStore|x86.ActiveCfg = AppStore|iPhone
		{E4445FCC-2708-4BBD-8469-A6A26256C60E}.Debug|Any CPU.ActiveCfg = Debug|iPhoneSimulator
		{E4445FCC-2708-4BBD-8469-A6A26256C60E}.Debug|Any CPU.Build.0 = Debug|iPhoneSimulator
		{E4445FCC-2708-4BBD-8469-A6A26256C60E}.Debug|ARM.ActiveCfg = Debug|iPhone
		{E4445FCC-2708-4BBD-8469-A6A26256C60E}.Debug|iPhone.ActiveCfg = Debug|iPhone
		{E4445FCC-2708-4BBD-8469-A6A26256C60E}.Debug|iPhone.Build.0 = Debug|iPhone
		{E4445FCC-2708-4BBD-8469-A6A26256C60E}.Debug|iPhoneSimulator.ActiveCfg = Debug|iPhoneSimulator
		{E4445FCC-2708-4BBD-8469-A6A26256C60E}.Debug|iPhoneSimulator.Build.0 = Debug|iPhoneSimulator
		{E4445FCC-2708-4BBD-8469-A6A26256C60E}.Debug|x64.ActiveCfg = Debug|iPhone
		{E4445FCC-2708-4BBD-8469-A6A26256C60E}.Debug|x86.ActiveCfg = Debug|iPhone
		{E4445FCC-2708-4BBD-8469-A6A26256C60E}.Release|Any CPU.ActiveCfg = Release|iPhone
		{E4445FCC-2708-4BBD-8469-A6A26256C60E}.Release|ARM.ActiveCfg = Release|iPhone
		{E4445FCC-2708-4BBD-8469-A6A26256C60E}.Release|iPhone.ActiveCfg = Release|iPhone
		{E4445FCC-2708-4BBD-8469-A6A26256C60E}.Release|iPhone.Build.0 = Release|iPhone
		{E4445FCC-2708-4BBD-8469-A6A26256C60E}.Release|iPhoneSimulator.ActiveCfg = Release|iPhoneSimulator
		{E4445FCC-2708-4BBD-8469-A6A26256C60E}.Release|iPhoneSimulator.Build.0 = Release|iPhoneSimulator
		{E4445FCC-2708-4BBD-8469-A6A26256C60E}.Release|x64.ActiveCfg = Release|iPhone
		{E4445FCC-2708-4BBD-8469-A6A26256C60E}.Release|x86.ActiveCfg = Release|iPhone
		{C48EBFDA-18A9-4CF7-89E8-73F5DC2AAF7A}.Ad-Hoc|Any CPU.ActiveCfg = Release|x64
		{C48EBFDA-18A9-4CF7-89E8-73F5DC2AAF7A}.Ad-Hoc|Any CPU.Build.0 = Release|x64
		{C48EBFDA-18A9-4CF7-89E8-73F5DC2AAF7A}.Ad-Hoc|Any CPU.Deploy.0 = Release|x64
		{C48EBFDA-18A9-4CF7-89E8-73F5DC2AAF7A}.Ad-Hoc|ARM.ActiveCfg = Release|ARM
		{C48EBFDA-18A9-4CF7-89E8-73F5DC2AAF7A}.Ad-Hoc|ARM.Build.0 = Release|ARM
		{C48EBFDA-18A9-4CF7-89E8-73F5DC2AAF7A}.Ad-Hoc|ARM.Deploy.0 = Release|ARM
		{C48EBFDA-18A9-4CF7-89E8-73F5DC2AAF7A}.Ad-Hoc|iPhone.ActiveCfg = Release|x64
		{C48EBFDA-18A9-4CF7-89E8-73F5DC2AAF7A}.Ad-Hoc|iPhone.Build.0 = Release|x64
		{C48EBFDA-18A9-4CF7-89E8-73F5DC2AAF7A}.Ad-Hoc|iPhone.Deploy.0 = Release|x64
		{C48EBFDA-18A9-4CF7-89E8-73F5DC2AAF7A}.Ad-Hoc|iPhoneSimulator.ActiveCfg = Release|x64
		{C48EBFDA-18A9-4CF7-89E8-73F5DC2AAF7A}.Ad-Hoc|iPhoneSimulator.Build.0 = Release|x64
		{C48EBFDA-18A9-4CF7-89E8-73F5DC2AAF7A}.Ad-Hoc|iPhoneSimulator.Deploy.0 = Release|x64
		{C48EBFDA-18A9-4CF7-89E8-73F5DC2AAF7A}.Ad-Hoc|x64.ActiveCfg = Release|x64
		{C48EBFDA-18A9-4CF7-89E8-73F5DC2AAF7A}.Ad-Hoc|x64.Build.0 = Release|x64
		{C48EBFDA-18A9-4CF7-89E8-73F5DC2AAF7A}.Ad-Hoc|x64.Deploy.0 = Release|x64
		{C48EBFDA-18A9-4CF7-89E8-73F5DC2AAF7A}.Ad-Hoc|x86.ActiveCfg = Release|x86
		{C48EBFDA-18A9-4CF7-89E8-73F5DC2AAF7A}.Ad-Hoc|x86.Build.0 = Release|x86
		{C48EBFDA-18A9-4CF7-89E8-73F5DC2AAF7A}.Ad-Hoc|x86.Deploy.0 = Release|x86
		{C48EBFDA-18A9-4CF7-89E8-73F5DC2AAF7A}.AppStore|Any CPU.ActiveCfg = Release|x64
		{C48EBFDA-18A9-4CF7-89E8-73F5DC2AAF7A}.AppStore|Any CPU.Build.0 = Release|x64
		{C48EBFDA-18A9-4CF7-89E8-73F5DC2AAF7A}.AppStore|Any CPU.Deploy.0 = Release|x64
		{C48EBFDA-18A9-4CF7-89E8-73F5DC2AAF7A}.AppStore|ARM.ActiveCfg = Release|ARM
		{C48EBFDA-18A9-4CF7-89E8-73F5DC2AAF7A}.AppStore|ARM.Build.0 = Release|ARM
		{C48EBFDA-18A9-4CF7-89E8-73F5DC2AAF7A}.AppStore|ARM.Deploy.0 = Release|ARM
		{C48EBFDA-18A9-4CF7-89E8-73F5DC2AAF7A}.AppStore|iPhone.ActiveCfg = Release|x64
		{C48EBFDA-18A9-4CF7-89E8-73F5DC2AAF7A}.AppStore|iPhone.Build.0 = Release|x64
		{C48EBFDA-18A9-4CF7-89E8-73F5DC2AAF7A}.AppStore|iPhone.Deploy.0 = Release|x64
		{C48EBFDA-18A9-4CF7-89E8-73F5DC2AAF7A}.AppStore|iPhoneSimulator.ActiveCfg = Release|x64
		{C48EBFDA-18A9-4CF7-89E8-73F5DC2AAF7A}.AppStore|iPhoneSimulator.Build.0 = Release|x64
		{C48EBFDA-18A9-4CF7-89E8-73F5DC2AAF7A}.AppStore|iPhoneSimulator.Deploy.0 = Release|x64
		{C48EBFDA-18A9-4CF7-89E8-73F5DC2AAF7A}.AppStore|x64.ActiveCfg = Release|x64
		{C48EBFDA-18A9-4CF7-89E8-73F5DC2AAF7A}.AppStore|x64.Build.0 = Release|x64
		{C48EBFDA-18A9-4CF7-89E8-73F5DC2AAF7A}.AppStore|x64.Deploy.0 = Release|x64
		{C48EBFDA-18A9-4CF7-89E8-73F5DC2AAF7A}.AppStore|x86.ActiveCfg = Release|x86
		{C48EBFDA-18A9-4CF7-89E8-73F5DC2AAF7A}.AppStore|x86.Build.0 = Release|x86
		{C48EBFDA-18A9-4CF7-89E8-73F5DC2AAF7A}.AppStore|x86.Deploy.0 = Release|x86
		{C48EBFDA-18A9-4CF7-89E8-73F5DC2AAF7A}.Debug|Any CPU.ActiveCfg = Debug|x86
		{C48EBFDA-18A9-4CF7-89E8-73F5DC2AAF7A}.Debug|ARM.ActiveCfg = Debug|ARM
		{C48EBFDA-18A9-4CF7-89E8-73F5DC2AAF7A}.Debug|ARM.Build.0 = Debug|ARM
		{C48EBFDA-18A9-4CF7-89E8-73F5DC2AAF7A}.Debug|ARM.Deploy.0 = Debug|ARM
		{C48EBFDA-18A9-4CF7-89E8-73F5DC2AAF7A}.Debug|iPhone.ActiveCfg = Debug|x86
		{C48EBFDA-18A9-4CF7-89E8-73F5DC2AAF7A}.Debug|iPhoneSimulator.ActiveCfg = Debug|x86
		{C48EBFDA-18A9-4CF7-89E8-73F5DC2AAF7A}.Debug|x64.ActiveCfg = Debug|x64
		{C48EBFDA-18A9-4CF7-89E8-73F5DC2AAF7A}.Debug|x64.Build.0 = Debug|x64
		{C48EBFDA-18A9-4CF7-89E8-73F5DC2AAF7A}.Debug|x64.Deploy.0 = Debug|x64
		{C48EBFDA-18A9-4CF7-89E8-73F5DC2AAF7A}.Debug|x86.ActiveCfg = Debug|x86
		{C48EBFDA-18A9-4CF7-89E8-73F5DC2AAF7A}.Debug|x86.Build.0 = Debug|x86
		{C48EBFDA-18A9-4CF7-89E8-73F5DC2AAF7A}.Debug|x86.Deploy.0 = Debug|x86
		{C48EBFDA-18A9-4CF7-89E8-73F5DC2AAF7A}.Release|Any CPU.ActiveCfg = Release|x86
		{C48EBFDA-18A9-4CF7-89E8-73F5DC2AAF7A}.Release|ARM.ActiveCfg = Release|ARM
		{C48EBFDA-18A9-4CF7-89E8-73F5DC2AAF7A}.Release|ARM.Build.0 = Release|ARM
		{C48EBFDA-18A9-4CF7-89E8-73F5DC2AAF7A}.Release|ARM.Deploy.0 = Release|ARM
		{C48EBFDA-18A9-4CF7-89E8-73F5DC2AAF7A}.Release|iPhone.ActiveCfg = Release|x86
		{C48EBFDA-18A9-4CF7-89E8-73F5DC2AAF7A}.Release|iPhoneSimulator.ActiveCfg = Release|x86
		{C48EBFDA-18A9-4CF7-89E8-73F5DC2AAF7A}.Release|x64.ActiveCfg = Release|x64
		{C48EBFDA-18A9-4CF7-89E8-73F5DC2AAF7A}.Release|x64.Build.0 = Release|x64
		{C48EBFDA-18A9-4CF7-89E8-73F5DC2AAF7A}.Release|x64.Deploy.0 = Release|x64
		{C48EBFDA-18A9-4CF7-89E8-73F5DC2AAF7A}.Release|x86.ActiveCfg = Release|x86
		{C48EBFDA-18A9-4CF7-89E8-73F5DC2AAF7A}.Release|x86.Build.0 = Release|x86
		{C48EBFDA-18A9-4CF7-89E8-73F5DC2AAF7A}.Release|x86.Deploy.0 = Release|x86
		{D218CF19-5B70-48FC-845F-1A62D307BDD6}.Ad-Hoc|Any CPU.ActiveCfg = Release|Any CPU
		{D218CF19-5B70-48FC-845F-1A62D307BDD6}.Ad-Hoc|Any CPU.Build.0 = Release|Any CPU
		{D218CF19-5B70-48FC-845F-1A62D307BDD6}.Ad-Hoc|ARM.ActiveCfg = Release|Any CPU
		{D218CF19-5B70-48FC-845F-1A62D307BDD6}.Ad-Hoc|ARM.Build.0 = Release|Any CPU
		{D218CF19-5B70-48FC-845F-1A62D307BDD6}.Ad-Hoc|iPhone.ActiveCfg = Release|Any CPU
		{D218CF19-5B70-48FC-845F-1A62D307BDD6}.Ad-Hoc|iPhone.Build.0 = Release|Any CPU
		{D218CF19-5B70-48FC-845F-1A62D307BDD6}.Ad-Hoc|iPhoneSimulator.ActiveCfg = Release|Any CPU
		{D218CF19-5B70-48FC-845F-1A62D307BDD6}.Ad-Hoc|iPhoneSimulator.Build.0 = Release|Any CPU
		{D218CF19-5B70-48FC-845F-1A62D307BDD6}.Ad-Hoc|x64.ActiveCfg = Release|Any CPU
		{D218CF19-5B70-48FC-845F-1A62D307BDD6}.Ad-Hoc|x64.Build.0 = Release|Any CPU
		{D218CF19-5B70-48FC-845F-1A62D307BDD6}.Ad-Hoc|x86.ActiveCfg = Release|Any CPU
		{D218CF19-5B70-48FC-845F-1A62D307BDD6}.Ad-Hoc|x86.Build.0 = Release|Any CPU
		{D218CF19-5B70-48FC-845F-1A62D307BDD6}.AppStore|Any CPU.ActiveCfg = Release|Any CPU
		{D218CF19-5B70-48FC-845F-1A62D307BDD6}.AppStore|Any CPU.Build.0 = Release|Any CPU
		{D218CF19-5B70-48FC-845F-1A62D307BDD6}.AppStore|ARM.ActiveCfg = Release|Any CPU
		{D218CF19-5B70-48FC-845F-1A62D307BDD6}.AppStore|ARM.Build.0 = Release|Any CPU
		{D218CF19-5B70-48FC-845F-1A62D307BDD6}.AppStore|iPhone.ActiveCfg = Release|Any CPU
		{D218CF19-5B70-48FC-845F-1A62D307BDD6}.AppStore|iPhone.Build.0 = Release|Any CPU
		{D218CF19-5B70-48FC-845F-1A62D307BDD6}.AppStore|iPhoneSimulator.ActiveCfg = Release|Any CPU
		{D218CF19-5B70-48FC-845F-1A62D307BDD6}.AppStore|iPhoneSimulator.Build.0 = Release|Any CPU
		{D218CF19-5B70-48FC-845F-1A62D307BDD6}.AppStore|x64.ActiveCfg = Release|Any CPU
		{D218CF19-5B70-48FC-845F-1A62D307BDD6}.AppStore|x64.Build.0 = Release|Any CPU
		{D218CF19-5B70-48FC-845F-1A62D307BDD6}.AppStore|x86.ActiveCfg = Release|Any CPU
		{D218CF19-5B70-48FC-845F-1A62D307BDD6}.AppStore|x86.Build.0 = Release|Any CPU
		{D218CF19-5B70-48FC-845F-1A62D307BDD6}.Debug|Any CPU.ActiveCfg = Debug|Any CPU
		{D218CF19-5B70-48FC-845F-1A62D307BDD6}.Debug|Any CPU.Build.0 = Debug|Any CPU
		{D218CF19-5B70-48FC-845F-1A62D307BDD6}.Debug|ARM.ActiveCfg = Debug|Any CPU
		{D218CF19-5B70-48FC-845F-1A62D307BDD6}.Debug|ARM.Build.0 = Debug|Any CPU
		{D218CF19-5B70-48FC-845F-1A62D307BDD6}.Debug|iPhone.ActiveCfg = Debug|Any CPU
		{D218CF19-5B70-48FC-845F-1A62D307BDD6}.Debug|iPhone.Build.0 = Debug|Any CPU
		{D218CF19-5B70-48FC-845F-1A62D307BDD6}.Debug|iPhoneSimulator.ActiveCfg = Debug|Any CPU
		{D218CF19-5B70-48FC-845F-1A62D307BDD6}.Debug|iPhoneSimulator.Build.0 = Debug|Any CPU
		{D218CF19-5B70-48FC-845F-1A62D307BDD6}.Debug|x64.ActiveCfg = Debug|Any CPU
		{D218CF19-5B70-48FC-845F-1A62D307BDD6}.Debug|x64.Build.0 = Debug|Any CPU
		{D218CF19-5B70-48FC-845F-1A62D307BDD6}.Debug|x86.ActiveCfg = Debug|Any CPU
		{D218CF19-5B70-48FC-845F-1A62D307BDD6}.Debug|x86.Build.0 = Debug|Any CPU
		{D218CF19-5B70-48FC-845F-1A62D307BDD6}.Release|Any CPU.ActiveCfg = Release|Any CPU
		{D218CF19-5B70-48FC-845F-1A62D307BDD6}.Release|Any CPU.Build.0 = Release|Any CPU
		{D218CF19-5B70-48FC-845F-1A62D307BDD6}.Release|ARM.ActiveCfg = Release|Any CPU
		{D218CF19-5B70-48FC-845F-1A62D307BDD6}.Release|ARM.Build.0 = Release|Any CPU
		{D218CF19-5B70-48FC-845F-1A62D307BDD6}.Release|iPhone.ActiveCfg = Release|Any CPU
		{D218CF19-5B70-48FC-845F-1A62D307BDD6}.Release|iPhone.Build.0 = Release|Any CPU
		{D218CF19-5B70-48FC-845F-1A62D307BDD6}.Release|iPhoneSimulator.ActiveCfg = Release|Any CPU
		{D218CF19-5B70-48FC-845F-1A62D307BDD6}.Release|iPhoneSimulator.Build.0 = Release|Any CPU
		{D218CF19-5B70-48FC-845F-1A62D307BDD6}.Release|x64.ActiveCfg = Release|Any CPU
		{D218CF19-5B70-48FC-845F-1A62D307BDD6}.Release|x64.Build.0 = Release|Any CPU
		{D218CF19-5B70-48FC-845F-1A62D307BDD6}.Release|x86.ActiveCfg = Release|Any CPU
		{D218CF19-5B70-48FC-845F-1A62D307BDD6}.Release|x86.Build.0 = Release|Any CPU
	EndGlobalSection
	GlobalSection(SolutionProperties) = preSolution
		HideSolutionNode = FALSE
	EndGlobalSection
	GlobalSection(ExtensibilityGlobals) = postSolution
		SolutionGuid = {F5399188-2304-4703-A27B-E19C3C4F7F2B}
	EndGlobalSection
EndGlobal
